
Microsoft Visual Studio Solution File, Format Version 12.00
# Visual Studio Version 17
VisualStudioVersion = 17.1.32328.378
MinimumVisualStudioVersion = 10.0.40219.1
Project("{9A19103F-16F7-4668-BE54-9A1E7A4F7556}") = "AbpModuleDemo.WebApi", "AbpModuleDemo.WebApi.csproj", "{32F67511-92FC-4FED-AEEF-3775007E838C}"
EndProject
Project("{FAE04EC0-301F-11D3-BF4B-00C04F79EFBC}") = "AbpModuleDemo.Application", "..\AbpModuleDemo.Application\AbpModuleDemo.Application.csproj", "{D57D6931-BD85-4B91-9228-AB1D4B6474B8}"
EndProject
Project("{FAE04EC0-301F-11D3-BF4B-00C04F79EFBC}") = "AbpModuleDemo.Application.Contracts", "..\AbpModuleDemo.Application.Contracts\AbpModuleDemo.Application.Contracts.csproj", "{B95CFB5B-09BF-4418-BA4A-3987BBC5CE05}"
EndProject
Global
	GlobalSection(SolutionConfigurationPlatforms) = preSolution
		Debug|Any CPU = Debug|Any CPU
		Release|Any CPU = Release|Any CPU
	EndGlobalSection
	GlobalSection(ProjectConfigurationPlatforms) = postSolution
		{32F67511-92FC-4FED-AEEF-3775007E838C}.Debug|Any CPU.ActiveCfg = Debug|Any CPU
		{32F67511-92FC-4FED-AEEF-3775007E838C}.Debug|Any CPU.Build.0 = Debug|Any CPU
		{32F67511-92FC-4FED-AEEF-3775007E838C}.Release|Any CPU.ActiveCfg = Release|Any CPU
		{32F67511-92FC-4FED-AEEF-3775007E838C}.Release|Any CPU.Build.0 = Release|Any CPU
		{D57D6931-BD85-4B91-9228-AB1D4B6474B8}.Debug|Any CPU.ActiveCfg = Debug|Any CPU
		{D57D6931-BD85-4B91-9228-AB1D4B6474B8}.Debug|Any CPU.Build.0 = Debug|Any CPU
		{D57D6931-BD85-4B91-9228-AB1D4B6474B8}.Release|Any CPU.ActiveCfg = Release|Any CPU
		{D57D6931-BD85-4B91-9228-AB1D4B6474B8}.Release|Any CPU.Build.0 = Release|Any CPU
		{B95CFB5B-09BF-4418-BA4A-3987BBC5CE05}.Debug|Any CPU.ActiveCfg = Debug|Any CPU
		{B95CFB5B-09BF-4418-BA4A-3987BBC5CE05}.Debug|Any CPU.Build.0 = Debug|Any CPU
		{B95CFB5B-09BF-4418-BA4A-3987BBC5CE05}.Release|Any CPU.ActiveCfg = Release|Any CPU
		{B95CFB5B-09BF-4418-BA4A-3987BBC5CE05}.Release|Any CPU.Build.0 = Release|Any CPU
	EndGlobalSection
	GlobalSection(SolutionProperties) = preSolution
		HideSolutionNode = FALSE
	EndGlobalSection
	GlobalSection(ExtensibilityGlobals) = postSolution
		SolutionGuid = {C857CACE-2F22-4610-A331-BD616D944851}
	EndGlobalSection
EndGlobal
